
Microsoft Visual Studio Solution File, Format Version 12.00
# Visual Studio Version 16
VisualStudioVersion = 16.0.35706.149
MinimumVisualStudioVersion = 10.0.40219.1
Project("{FAE04EC0-301F-11D3-BF4B-00C04F79EFBC}") = "WindowsFormsAppMarkovNeuron", "WindowsFormsAppMarkovNeuron\WindowsFormsAppMarkovNeuron.csproj", "{6C980838-3C6B-4A79-8F5B-17323DCF7723}"
EndProject
Global
	GlobalSection(SolutionConfigurationPlatforms) = preSolution
		Debug|Any CPU = Debug|Any CPU
		Release|Any CPU = Release|Any CPU
	EndGlobalSection
	GlobalSection(ProjectConfigurationPlatforms) = postSolution
		{6C980838-3C6B-4A79-8F5B-17323DCF7723}.Debug|Any CPU.ActiveCfg = Debug|Any CPU
		{6C980838-3C6B-4A79-8F5B-17323DCF7723}.Debug|Any CPU.Build.0 = Debug|Any CPU
		{6C980838-3C6B-4A79-8F5B-17323DCF7723}.Release|Any CPU.ActiveCfg = Release|Any CPU
		{6C980838-3C6B-4A79-8F5B-17323DCF7723}.Release|Any CPU.Build.0 = Release|Any CPU
	EndGlobalSection
	GlobalSection(SolutionProperties) = preSolution
		HideSolutionNode = FALSE
	EndGlobalSection
	GlobalSection(ExtensibilityGlobals) = postSolution
		SolutionGuid = {6D61E2C1-0480-428A-BA5F-DFF9E5202DE2}
	EndGlobalSection
EndGlobal
